
Microsoft Visual Studio Solution File, Format Version 12.00
# Visual Studio Version 17
VisualStudioVersion = 17.0.31903.59
MinimumVisualStudioVersion = 10.0.40219.1
Project("{FAE04EC0-301F-11D3-BF4B-00C04F79EFBC}") = "Shared", "..\SharedLibrary\src\Shared\Shared.csproj", "{19A7B9E8-2201-419A-9944-ACC48CC1ACDB}"
EndProject
Project("{2150E333-8FDC-42A3-9474-1A3956D46DE8}") = "src", "src", "{B2A6122A-2A46-4197-A3AD-C149C376352D}"
EndProject
Project("{FAE04EC0-301F-11D3-BF4B-00C04F79EFBC}") = "Smdb.Core", "src\Smdb.Core\Smdb.Core.csproj", "{D0730593-4845-4A05-B0A2-B69C94074B3C}"
EndProject
Project("{2150E333-8FDC-42A3-9474-1A3956D46DE8}") = "tests", "tests", "{75E67394-4E70-4E9E-B7DE-C8DF8B885129}"
EndProject
Project("{FAE04EC0-301F-11D3-BF4B-00C04F79EFBC}") = "Smdb.Core.Test", "tests\Smdb.Core.Test\Smdb.Core.Test.csproj", "{A4870BC0-04E9-4714-BA10-631EF7B6F3A2}"
EndProject
Project("{FAE04EC0-301F-11D3-BF4B-00C04F79EFBC}") = "Smdb.Api", "src\Smdb.Api\Smdb.Api.csproj", "{40270EFD-D329-4AF5-86E4-4B4ADDAAE3A4}"
EndProject
Project("{FAE04EC0-301F-11D3-BF4B-00C04F79EFBC}") = "Smdb.Api.Test", "tests\Smdb.Api.Test\Smdb.Api.Test.csproj", "{D2D53EA0-AFFC-450A-AA9D-966327B7867E}"
EndProject
Global
	GlobalSection(SolutionConfigurationPlatforms) = preSolution
		Debug|Any CPU = Debug|Any CPU
		Release|Any CPU = Release|Any CPU
	EndGlobalSection
	GlobalSection(SolutionProperties) = preSolution
		HideSolutionNode = FALSE
	EndGlobalSection
	GlobalSection(ProjectConfigurationPlatforms) = postSolution
		{19A7B9E8-2201-419A-9944-ACC48CC1ACDB}.Debug|Any CPU.ActiveCfg = Debug|Any CPU
		{19A7B9E8-2201-419A-9944-ACC48CC1ACDB}.Debug|Any CPU.Build.0 = Debug|Any CPU
		{19A7B9E8-2201-419A-9944-ACC48CC1ACDB}.Release|Any CPU.ActiveCfg = Release|Any CPU
		{19A7B9E8-2201-419A-9944-ACC48CC1ACDB}.Release|Any CPU.Build.0 = Release|Any CPU
		{D0730593-4845-4A05-B0A2-B69C94074B3C}.Debug|Any CPU.ActiveCfg = Debug|Any CPU
		{D0730593-4845-4A05-B0A2-B69C94074B3C}.Debug|Any CPU.Build.0 = Debug|Any CPU
		{D0730593-4845-4A05-B0A2-B69C94074B3C}.Release|Any CPU.ActiveCfg = Release|Any CPU
		{D0730593-4845-4A05-B0A2-B69C94074B3C}.Release|Any CPU.Build.0 = Release|Any CPU
		{A4870BC0-04E9-4714-BA10-631EF7B6F3A2}.Debug|Any CPU.ActiveCfg = Debug|Any CPU
		{A4870BC0-04E9-4714-BA10-631EF7B6F3A2}.Debug|Any CPU.Build.0 = Debug|Any CPU
		{A4870BC0-04E9-4714-BA10-631EF7B6F3A2}.Release|Any CPU.ActiveCfg = Release|Any CPU
		{A4870BC0-04E9-4714-BA10-631EF7B6F3A2}.Release|Any CPU.Build.0 = Release|Any CPU
		{40270EFD-D329-4AF5-86E4-4B4ADDAAE3A4}.Debug|Any CPU.ActiveCfg = Debug|Any CPU
		{40270EFD-D329-4AF5-86E4-4B4ADDAAE3A4}.Debug|Any CPU.Build.0 = Debug|Any CPU
		{40270EFD-D329-4AF5-86E4-4B4ADDAAE3A4}.Release|Any CPU.ActiveCfg = Release|Any CPU
		{40270EFD-D329-4AF5-86E4-4B4ADDAAE3A4}.Release|Any CPU.Build.0 = Release|Any CPU
		{D2D53EA0-AFFC-450A-AA9D-966327B7867E}.Debug|Any CPU.ActiveCfg = Debug|Any CPU
		{D2D53EA0-AFFC-450A-AA9D-966327B7867E}.Debug|Any CPU.Build.0 = Debug|Any CPU
		{D2D53EA0-AFFC-450A-AA9D-966327B7867E}.Release|Any CPU.ActiveCfg = Release|Any CPU
		{D2D53EA0-AFFC-450A-AA9D-966327B7867E}.Release|Any CPU.Build.0 = Release|Any CPU
	EndGlobalSection
	GlobalSection(NestedProjects) = preSolution
		{D0730593-4845-4A05-B0A2-B69C94074B3C} = {B2A6122A-2A46-4197-A3AD-C149C376352D}
		{A4870BC0-04E9-4714-BA10-631EF7B6F3A2} = {75E67394-4E70-4E9E-B7DE-C8DF8B885129}
		{40270EFD-D329-4AF5-86E4-4B4ADDAAE3A4} = {B2A6122A-2A46-4197-A3AD-C149C376352D}
		{D2D53EA0-AFFC-450A-AA9D-966327B7867E} = {75E67394-4E70-4E9E-B7DE-C8DF8B885129}
	EndGlobalSection
EndGlobal
